
Microsoft Visual Studio Solution File, Format Version 12.00
# Visual Studio Version 17
VisualStudioVersion = 17.2.32616.157
MinimumVisualStudioVersion = 10.0.40219.1
Project("{9A19103F-16F7-4668-BE54-9A1E7A4F7556}") = "Xtensive.Orm.Migration.5.0", "Xtensive.Orm.Migration.5.0.csproj", "{04C36A54-6D35-405A-A25A-0617A7743A98}"
EndProject
Project("{9A19103F-16F7-4668-BE54-9A1E7A4F7556}") = "Xtensive.Orm.Migration.7.0", "Xtensive.Orm.Migration.7.0.csproj", "{D9173773-1F48-4120-84C2-A83733CDE17F}"
EndProject
Global
	GlobalSection(SolutionConfigurationPlatforms) = preSolution
		Debug|Any CPU = Debug|Any CPU
		Release|Any CPU = Release|Any CPU
	EndGlobalSection
	GlobalSection(ProjectConfigurationPlatforms) = postSolution
		{04C36A54-6D35-405A-A25A-0617A7743A98}.Debug|Any CPU.ActiveCfg = Debug|Any CPU
		{04C36A54-6D35-405A-A25A-0617A7743A98}.Debug|Any CPU.Build.0 = Debug|Any CPU
		{04C36A54-6D35-405A-A25A-0617A7743A98}.Release|Any CPU.ActiveCfg = Release|Any CPU
		{04C36A54-6D35-405A-A25A-0617A7743A98}.Release|Any CPU.Build.0 = Release|Any CPU
		{D9173773-1F48-4120-84C2-A83733CDE17F}.Debug|Any CPU.ActiveCfg = Debug|Any CPU
		{D9173773-1F48-4120-84C2-A83733CDE17F}.Debug|Any CPU.Build.0 = Debug|Any CPU
		{D9173773-1F48-4120-84C2-A83733CDE17F}.Release|Any CPU.ActiveCfg = Release|Any CPU
		{D9173773-1F48-4120-84C2-A83733CDE17F}.Release|Any CPU.Build.0 = Release|Any CPU
	EndGlobalSection
	GlobalSection(SolutionProperties) = preSolution
		HideSolutionNode = FALSE
	EndGlobalSection
	GlobalSection(ExtensibilityGlobals) = postSolution
		SolutionGuid = {4FA669A2-F64D-4AC6-B4E7-9CD5CAACB1F5}
	EndGlobalSection
EndGlobal
